// !$*UTF8*$!
{
	archiveVersion = 1;
	classes = {
	};
	objectVersion = 56;
	objects = {

/* Begin PBXBuildFile section */
		1A2722A92C763A6800B9C3E9 /* HexUIColor.swift in Sources */ = {isa = PBXBuildFile; fileRef = 1A2722A82C763A6800B9C3E9 /* HexUIColor.swift */; };
		1A2722AB2C763AB700B9C3E9 /* Seasons.swift in Sources */ = {isa = PBXBuildFile; fileRef = 1A2722AA2C763AB700B9C3E9 /* Seasons.swift */; };
		1A2722AE2C763B2C00B9C3E9 /* AnalysisResultViewController.swift in Sources */ = {isa = PBXBuildFile; fileRef = 1A2722AD2C763B2C00B9C3E9 /* AnalysisResultViewController.swift */; };
		1A2722B02C763BA300B9C3E9 /* AnalysisResult.storyboard in Resources */ = {isa = PBXBuildFile; fileRef = 1A2722AF2C763BA300B9C3E9 /* AnalysisResult.storyboard */; };
		1A2722B42C771E5600B9C3E9 /* Outfit-Bold.ttf in Resources */ = {isa = PBXBuildFile; fileRef = 1A2722B32C771E1700B9C3E9 /* Outfit-Bold.ttf */; };
		1A2722B52C771E5900B9C3E9 /* Outfit-Regular.ttf in Resources */ = {isa = PBXBuildFile; fileRef = 1A2722B22C771E1700B9C3E9 /* Outfit-Regular.ttf */; };
		1A2722B82C77207D00B9C3E9 /* TutorialPageViewController.swift in Sources */ = {isa = PBXBuildFile; fileRef = 1A2722B72C77207D00B9C3E9 /* TutorialPageViewController.swift */; };
		1A2722BA2C7720C200B9C3E9 /* TutorialPage.storyboard in Resources */ = {isa = PBXBuildFile; fileRef = 1A2722B92C7720C200B9C3E9 /* TutorialPage.storyboard */; };
		5F8A62592C732894007B171A /* AppDelegate.swift in Sources */ = {isa = PBXBuildFile; fileRef = 5F8A62582C732894007B171A /* AppDelegate.swift */; };
		5F8A625B2C732894007B171A /* SceneDelegate.swift in Sources */ = {isa = PBXBuildFile; fileRef = 5F8A625A2C732894007B171A /* SceneDelegate.swift */; };
		5F8A62622C732895007B171A /* Assets.xcassets in Resources */ = {isa = PBXBuildFile; fileRef = 5F8A62612C732895007B171A /* Assets.xcassets */; };
		5F8A62652C732895007B171A /* Base in Resources */ = {isa = PBXBuildFile; fileRef = 5F8A62642C732895007B171A /* Base */; };
		5F8A62722C732F64007B171A /* SkinToneDetection.swift in Sources */ = {isa = PBXBuildFile; fileRef = 5F8A62712C732F64007B171A /* SkinToneDetection.swift */; };
		5F8A62752C733602007B171A /* SkinToneDetectorView.swift in Sources */ = {isa = PBXBuildFile; fileRef = 5F8A62742C733602007B171A /* SkinToneDetectorView.swift */; };
		5F8A62772C73360B007B171A /* SkinToneDetector.storyboard in Resources */ = {isa = PBXBuildFile; fileRef = 5F8A62762C73360B007B171A /* SkinToneDetector.storyboard */; };
		5F8A62792C7339C7007B171A /* Color.swift in Sources */ = {isa = PBXBuildFile; fileRef = 5F8A62782C7339C7007B171A /* Color.swift */; };
		5F8A627D2C748D41007B171A /* RecommendationColors.swift in Sources */ = {isa = PBXBuildFile; fileRef = 5F8A627C2C748D41007B171A /* RecommendationColors.swift */; };
		5F8A62802C76289B007B171A /* MainViewController.swift in Sources */ = {isa = PBXBuildFile; fileRef = 5F8A627F2C76289B007B171A /* MainViewController.swift */; };
		5F8A62822C7628A4007B171A /* MainView.storyboard in Resources */ = {isa = PBXBuildFile; fileRef = 5F8A62812C7628A4007B171A /* MainView.storyboard */; };
		5F8A62842C762A8A007B171A /* UIImage.swift in Sources */ = {isa = PBXBuildFile; fileRef = 5F8A62832C762A8A007B171A /* UIImage.swift */; };
		5F8A62862C76C8AF007B171A /* ColorSheet.swift in Sources */ = {isa = PBXBuildFile; fileRef = 5F8A62852C76C8AF007B171A /* ColorSheet.swift */; };
		5F8A62882C76CAFC007B171A /* Sheet.storyboard in Resources */ = {isa = PBXBuildFile; fileRef = 5F8A62872C76CAFC007B171A /* Sheet.storyboard */; };
		5F8A628A2C76F75A007B171A /* MainViewModel.swift in Sources */ = {isa = PBXBuildFile; fileRef = 5F8A62892C76F75A007B171A /* MainViewModel.swift */; };
/* End PBXBuildFile section */

/* Begin PBXFileReference section */
		1A2722A82C763A6800B9C3E9 /* HexUIColor.swift */ = {isa = PBXFileReference; lastKnownFileType = sourcecode.swift; path = HexUIColor.swift; sourceTree = "<group>"; };
		1A2722AA2C763AB700B9C3E9 /* Seasons.swift */ = {isa = PBXFileReference; lastKnownFileType = sourcecode.swift; path = Seasons.swift; sourceTree = "<group>"; };
		1A2722AD2C763B2C00B9C3E9 /* AnalysisResultViewController.swift */ = {isa = PBXFileReference; lastKnownFileType = sourcecode.swift; path = AnalysisResultViewController.swift; sourceTree = "<group>"; };
		1A2722AF2C763BA300B9C3E9 /* AnalysisResult.storyboard */ = {isa = PBXFileReference; lastKnownFileType = file.storyboard; path = AnalysisResult.storyboard; sourceTree = "<group>"; };
		1A2722B22C771E1700B9C3E9 /* Outfit-Regular.ttf */ = {isa = PBXFileReference; lastKnownFileType = file; path = "Outfit-Regular.ttf"; sourceTree = "<group>"; };
		1A2722B32C771E1700B9C3E9 /* Outfit-Bold.ttf */ = {isa = PBXFileReference; lastKnownFileType = file; path = "Outfit-Bold.ttf"; sourceTree = "<group>"; };
		1A2722B72C77207D00B9C3E9 /* TutorialPageViewController.swift */ = {isa = PBXFileReference; lastKnownFileType = sourcecode.swift; path = TutorialPageViewController.swift; sourceTree = "<group>"; };
		1A2722B92C7720C200B9C3E9 /* TutorialPage.storyboard */ = {isa = PBXFileReference; lastKnownFileType = file.storyboard; path = TutorialPage.storyboard; sourceTree = "<group>"; };
		5F8A62552C732894007B171A /* Eyesistant.app */ = {isa = PBXFileReference; explicitFileType = wrapper.application; includeInIndex = 0; path = Eyesistant.app; sourceTree = BUILT_PRODUCTS_DIR; };
		5F8A62582C732894007B171A /* AppDelegate.swift */ = {isa = PBXFileReference; lastKnownFileType = sourcecode.swift; path = AppDelegate.swift; sourceTree = "<group>"; };
		5F8A625A2C732894007B171A /* SceneDelegate.swift */ = {isa = PBXFileReference; lastKnownFileType = sourcecode.swift; path = SceneDelegate.swift; sourceTree = "<group>"; };
		5F8A62612C732895007B171A /* Assets.xcassets */ = {isa = PBXFileReference; lastKnownFileType = folder.assetcatalog; path = Assets.xcassets; sourceTree = "<group>"; };
		5F8A62642C732895007B171A /* Base */ = {isa = PBXFileReference; lastKnownFileType = file.storyboard; name = Base; path = Base.lproj/LaunchScreen.storyboard; sourceTree = "<group>"; };
		5F8A62662C732895007B171A /* Info.plist */ = {isa = PBXFileReference; lastKnownFileType = text.plist.xml; path = Info.plist; sourceTree = "<group>"; };
		5F8A62712C732F64007B171A /* SkinToneDetection.swift */ = {isa = PBXFileReference; lastKnownFileType = sourcecode.swift; path = SkinToneDetection.swift; sourceTree = "<group>"; };
		5F8A62742C733602007B171A /* SkinToneDetectorView.swift */ = {isa = PBXFileReference; lastKnownFileType = sourcecode.swift; path = SkinToneDetectorView.swift; sourceTree = "<group>"; };
		5F8A62762C73360B007B171A /* SkinToneDetector.storyboard */ = {isa = PBXFileReference; lastKnownFileType = file.storyboard; path = SkinToneDetector.storyboard; sourceTree = "<group>"; };
		5F8A62782C7339C7007B171A /* Color.swift */ = {isa = PBXFileReference; lastKnownFileType = sourcecode.swift; path = Color.swift; sourceTree = "<group>"; };
		5F8A627C2C748D41007B171A /* RecommendationColors.swift */ = {isa = PBXFileReference; lastKnownFileType = sourcecode.swift; path = RecommendationColors.swift; sourceTree = "<group>"; };
		5F8A627F2C76289B007B171A /* MainViewController.swift */ = {isa = PBXFileReference; lastKnownFileType = sourcecode.swift; path = MainViewController.swift; sourceTree = "<group>"; };
		5F8A62812C7628A4007B171A /* MainView.storyboard */ = {isa = PBXFileReference; lastKnownFileType = file.storyboard; path = MainView.storyboard; sourceTree = "<group>"; };
		5F8A62832C762A8A007B171A /* UIImage.swift */ = {isa = PBXFileReference; lastKnownFileType = sourcecode.swift; path = UIImage.swift; sourceTree = "<group>"; };
		5F8A62852C76C8AF007B171A /* ColorSheet.swift */ = {isa = PBXFileReference; lastKnownFileType = sourcecode.swift; path = ColorSheet.swift; sourceTree = "<group>"; };
		5F8A62872C76CAFC007B171A /* Sheet.storyboard */ = {isa = PBXFileReference; lastKnownFileType = file.storyboard; path = Sheet.storyboard; sourceTree = "<group>"; };
		5F8A62892C76F75A007B171A /* MainViewModel.swift */ = {isa = PBXFileReference; lastKnownFileType = sourcecode.swift; path = MainViewModel.swift; sourceTree = "<group>"; };
/* End PBXFileReference section */

/* Begin PBXFrameworksBuildPhase section */
		5F8A62522C732894007B171A /* Frameworks */ = {
			isa = PBXFrameworksBuildPhase;
			buildActionMask = 2147483647;
			files = (
			);
			runOnlyForDeploymentPostprocessing = 0;
		};
/* End PBXFrameworksBuildPhase section */

/* Begin PBXGroup section */
		1A2722AC2C763ADF00B9C3E9 /* AnalysisResultView */ = {
			isa = PBXGroup;
			children = (
				1A2722AD2C763B2C00B9C3E9 /* AnalysisResultViewController.swift */,
				1A2722AF2C763BA300B9C3E9 /* AnalysisResult.storyboard */,
			);
			path = AnalysisResultView;
			sourceTree = "<group>";
		};
		1A2722B12C771DDB00B9C3E9 /* Fonts */ = {
			isa = PBXGroup;
			children = (
				1A2722B32C771E1700B9C3E9 /* Outfit-Bold.ttf */,
				1A2722B22C771E1700B9C3E9 /* Outfit-Regular.ttf */,
			);
			path = Fonts;
			sourceTree = "<group>";
		};
		1A2722B62C77205F00B9C3E9 /* TutorialPage */ = {
			isa = PBXGroup;
			children = (
				1A2722B72C77207D00B9C3E9 /* TutorialPageViewController.swift */,
				1A2722B92C7720C200B9C3E9 /* TutorialPage.storyboard */,
			);
			path = TutorialPage;
			sourceTree = "<group>";
		};
		5F8A624C2C732894007B171A = {
			isa = PBXGroup;
			children = (
				5F8A62572C732894007B171A /* Eyesistant */,
				5F8A62562C732894007B171A /* Products */,
			);
			sourceTree = "<group>";
		};
		5F8A62562C732894007B171A /* Products */ = {
			isa = PBXGroup;
			children = (
				5F8A62552C732894007B171A /* Eyesistant.app */,
			);
			name = Products;
			sourceTree = "<group>";
		};
		5F8A62572C732894007B171A /* Eyesistant */ = {
			isa = PBXGroup;
			children = (
				1A2722B12C771DDB00B9C3E9 /* Fonts */,
				5F8A626F2C732931007B171A /* Extension */,
				5F8A626E2C73292C007B171A /* Models */,
				5F8A626D2C732923007B171A /* ViewModels */,
				5F8A626C2C732915007B171A /* Views */,
				5F8A62582C732894007B171A /* AppDelegate.swift */,
				5F8A625A2C732894007B171A /* SceneDelegate.swift */,
				5F8A62612C732895007B171A /* Assets.xcassets */,
				5F8A62632C732895007B171A /* LaunchScreen.storyboard */,
				5F8A62662C732895007B171A /* Info.plist */,
			);
			path = Eyesistant;
			sourceTree = "<group>";
		};
		5F8A626C2C732915007B171A /* Views */ = {
			isa = PBXGroup;
			children = (
				1A2722B62C77205F00B9C3E9 /* TutorialPage */,
				5F8A627E2C762881007B171A /* MainView */,
				5F8A62732C7335F0007B171A /* SkinToneDetectorView */,
				1A2722AC2C763ADF00B9C3E9 /* AnalysisResultView */,
				5F8A62702C732939007B171A /* Components */,
			);
			path = Views;
			sourceTree = "<group>";
		};
		5F8A626D2C732923007B171A /* ViewModels */ = {
			isa = PBXGroup;
			children = (
				5F8A62712C732F64007B171A /* SkinToneDetection.swift */,
				5F8A62892C76F75A007B171A /* MainViewModel.swift */,
			);
			path = ViewModels;
			sourceTree = "<group>";
		};
		5F8A626E2C73292C007B171A /* Models */ = {
			isa = PBXGroup;
			children = (
				5F8A627C2C748D41007B171A /* RecommendationColors.swift */,
				1A2722AA2C763AB700B9C3E9 /* Seasons.swift */,
			);
			path = Models;
			sourceTree = "<group>";
		};
		5F8A626F2C732931007B171A /* Extension */ = {
			isa = PBXGroup;
			children = (
				5F8A62782C7339C7007B171A /* Color.swift */,
				5F8A62832C762A8A007B171A /* UIImage.swift */,
				1A2722A82C763A6800B9C3E9 /* HexUIColor.swift */,
			);
			path = Extension;
			sourceTree = "<group>";
		};
		5F8A62702C732939007B171A /* Components */ = {
			isa = PBXGroup;
			children = (
				5F8A62852C76C8AF007B171A /* ColorSheet.swift */,
				5F8A62872C76CAFC007B171A /* Sheet.storyboard */,
			);
			path = Components;
			sourceTree = "<group>";
		};
		5F8A62732C7335F0007B171A /* SkinToneDetectorView */ = {
			isa = PBXGroup;
			children = (
				5F8A62742C733602007B171A /* SkinToneDetectorView.swift */,
				5F8A62762C73360B007B171A /* SkinToneDetector.storyboard */,
			);
			path = SkinToneDetectorView;
			sourceTree = "<group>";
		};
		5F8A627E2C762881007B171A /* MainView */ = {
			isa = PBXGroup;
			children = (
				5F8A627F2C76289B007B171A /* MainViewController.swift */,
				5F8A62812C7628A4007B171A /* MainView.storyboard */,
			);
			path = MainView;
			sourceTree = "<group>";
		};
/* End PBXGroup section */

/* Begin PBXNativeTarget section */
		5F8A62542C732894007B171A /* Eyesistant */ = {
			isa = PBXNativeTarget;
			buildConfigurationList = 5F8A62692C732895007B171A /* Build configuration list for PBXNativeTarget "Eyesistant" */;
			buildPhases = (
				5F8A62512C732894007B171A /* Sources */,
				5F8A62522C732894007B171A /* Frameworks */,
				5F8A62532C732894007B171A /* Resources */,
			);
			buildRules = (
			);
			dependencies = (
			);
			name = Eyesistant;
			productName = Eyesistant;
			productReference = 5F8A62552C732894007B171A /* Eyesistant.app */;
			productType = "com.apple.product-type.application";
		};
/* End PBXNativeTarget section */

/* Begin PBXProject section */
		5F8A624D2C732894007B171A /* Project object */ = {
			isa = PBXProject;
			attributes = {
				BuildIndependentTargetsInParallel = 1;
				LastSwiftUpdateCheck = 1540;
				LastUpgradeCheck = 1540;
				TargetAttributes = {
					5F8A62542C732894007B171A = {
						CreatedOnToolsVersion = 15.4;
					};
				};
			};
			buildConfigurationList = 5F8A62502C732894007B171A /* Build configuration list for PBXProject "Eyesistant" */;
			compatibilityVersion = "Xcode 14.0";
			developmentRegion = en;
			hasScannedForEncodings = 0;
			knownRegions = (
				en,
				Base,
			);
			mainGroup = 5F8A624C2C732894007B171A;
			productRefGroup = 5F8A62562C732894007B171A /* Products */;
			projectDirPath = "";
			projectRoot = "";
			targets = (
				5F8A62542C732894007B171A /* Eyesistant */,
			);
		};
/* End PBXProject section */

/* Begin PBXResourcesBuildPhase section */
		5F8A62532C732894007B171A /* Resources */ = {
			isa = PBXResourcesBuildPhase;
			buildActionMask = 2147483647;
			files = (
				1A2722B52C771E5900B9C3E9 /* Outfit-Regular.ttf in Resources */,
				1A2722B42C771E5600B9C3E9 /* Outfit-Bold.ttf in Resources */,
				5F8A62622C732895007B171A /* Assets.xcassets in Resources */,
				5F8A62772C73360B007B171A /* SkinToneDetector.storyboard in Resources */,
				5F8A62882C76CAFC007B171A /* Sheet.storyboard in Resources */,
				5F8A62822C7628A4007B171A /* MainView.storyboard in Resources */,
				1A2722BA2C7720C200B9C3E9 /* TutorialPage.storyboard in Resources */,
				5F8A62652C732895007B171A /* Base in Resources */,
				1A2722B02C763BA300B9C3E9 /* AnalysisResult.storyboard in Resources */,
			);
			runOnlyForDeploymentPostprocessing = 0;
		};
/* End PBXResourcesBuildPhase section */

/* Begin PBXSourcesBuildPhase section */
		5F8A62512C732894007B171A /* Sources */ = {
			isa = PBXSourcesBuildPhase;
			buildActionMask = 2147483647;
			files = (
				5F8A62722C732F64007B171A /* SkinToneDetection.swift in Sources */,
				1A2722AE2C763B2C00B9C3E9 /* AnalysisResultViewController.swift in Sources */,
				5F8A62592C732894007B171A /* AppDelegate.swift in Sources */,
				1A2722AB2C763AB700B9C3E9 /* Seasons.swift in Sources */,
				5F8A62752C733602007B171A /* SkinToneDetectorView.swift in Sources */,
				5F8A625B2C732894007B171A /* SceneDelegate.swift in Sources */,
				1A2722B82C77207D00B9C3E9 /* TutorialPageViewController.swift in Sources */,
				5F8A627D2C748D41007B171A /* RecommendationColors.swift in Sources */,
				5F8A62792C7339C7007B171A /* Color.swift in Sources */,
				5F8A62862C76C8AF007B171A /* ColorSheet.swift in Sources */,
				5F8A62842C762A8A007B171A /* UIImage.swift in Sources */,
				5F8A62802C76289B007B171A /* MainViewController.swift in Sources */,
				5F8A628A2C76F75A007B171A /* MainViewModel.swift in Sources */,
				1A2722A92C763A6800B9C3E9 /* HexUIColor.swift in Sources */,
			);
			runOnlyForDeploymentPostprocessing = 0;
		};
/* End PBXSourcesBuildPhase section */

/* Begin PBXVariantGroup section */
		5F8A62632C732895007B171A /* LaunchScreen.storyboard */ = {
			isa = PBXVariantGroup;
			children = (
				5F8A62642C732895007B171A /* Base */,
			);
			name = LaunchScreen.storyboard;
			sourceTree = "<group>";
		};
/* End PBXVariantGroup section */

/* Begin XCBuildConfiguration section */
		5F8A62672C732895007B171A /* Debug */ = {
			isa = XCBuildConfiguration;
			buildSettings = {
				ALWAYS_SEARCH_USER_PATHS = NO;
				ASSETCATALOG_COMPILER_GENERATE_SWIFT_ASSET_SYMBOL_EXTENSIONS = YES;
				CLANG_ANALYZER_NONNULL = YES;
				CLANG_ANALYZER_NUMBER_OBJECT_CONVERSION = YES_AGGRESSIVE;
				CLANG_CXX_LANGUAGE_STANDARD = "gnu++20";
				CLANG_ENABLE_MODULES = YES;
				CLANG_ENABLE_OBJC_ARC = YES;
				CLANG_ENABLE_OBJC_WEAK = YES;
				CLANG_WARN_BLOCK_CAPTURE_AUTORELEASING = YES;
				CLANG_WARN_BOOL_CONVERSION = YES;
				CLANG_WARN_COMMA = YES;
				CLANG_WARN_CONSTANT_CONVERSION = YES;
				CLANG_WARN_DEPRECATED_OBJC_IMPLEMENTATIONS = YES;
				CLANG_WARN_DIRECT_OBJC_ISA_USAGE = YES_ERROR;
				CLANG_WARN_DOCUMENTATION_COMMENTS = YES;
				CLANG_WARN_EMPTY_BODY = YES;
				CLANG_WARN_ENUM_CONVERSION = YES;
				CLANG_WARN_INFINITE_RECURSION = YES;
				CLANG_WARN_INT_CONVERSION = YES;
				CLANG_WARN_NON_LITERAL_NULL_CONVERSION = YES;
				CLANG_WARN_OBJC_IMPLICIT_RETAIN_SELF = YES;
				CLANG_WARN_OBJC_LITERAL_CONVERSION = YES;
				CLANG_WARN_OBJC_ROOT_CLASS = YES_ERROR;
				CLANG_WARN_QUOTED_INCLUDE_IN_FRAMEWORK_HEADER = YES;
				CLANG_WARN_RANGE_LOOP_ANALYSIS = YES;
				CLANG_WARN_STRICT_PROTOTYPES = YES;
				CLANG_WARN_SUSPICIOUS_MOVE = YES;
				CLANG_WARN_UNGUARDED_AVAILABILITY = YES_AGGRESSIVE;
				CLANG_WARN_UNREACHABLE_CODE = YES;
				CLANG_WARN__DUPLICATE_METHOD_MATCH = YES;
				COPY_PHASE_STRIP = NO;
				DEBUG_INFORMATION_FORMAT = dwarf;
				ENABLE_STRICT_OBJC_MSGSEND = YES;
				ENABLE_TESTABILITY = YES;
				ENABLE_USER_SCRIPT_SANDBOXING = YES;
				GCC_C_LANGUAGE_STANDARD = gnu17;
				GCC_DYNAMIC_NO_PIC = NO;
				GCC_NO_COMMON_BLOCKS = YES;
				GCC_OPTIMIZATION_LEVEL = 0;
				GCC_PREPROCESSOR_DEFINITIONS = (
					"DEBUG=1",
					"$(inherited)",
				);
				GCC_WARN_64_TO_32_BIT_CONVERSION = YES;
				GCC_WARN_ABOUT_RETURN_TYPE = YES_ERROR;
				GCC_WARN_UNDECLARED_SELECTOR = YES;
				GCC_WARN_UNINITIALIZED_AUTOS = YES_AGGRESSIVE;
				GCC_WARN_UNUSED_FUNCTION = YES;
				GCC_WARN_UNUSED_VARIABLE = YES;
				IPHONEOS_DEPLOYMENT_TARGET = 17.0;
				LOCALIZATION_PREFERS_STRING_CATALOGS = YES;
				MTL_ENABLE_DEBUG_INFO = INCLUDE_SOURCE;
				MTL_FAST_MATH = YES;
				ONLY_ACTIVE_ARCH = YES;
				SDKROOT = iphoneos;
				SWIFT_ACTIVE_COMPILATION_CONDITIONS = "DEBUG $(inherited)";
				SWIFT_OPTIMIZATION_LEVEL = "-Onone";
			};
			name = Debug;
		};
		5F8A62682C732895007B171A /* Release */ = {
			isa = XCBuildConfiguration;
			buildSettings = {
				ALWAYS_SEARCH_USER_PATHS = NO;
				ASSETCATALOG_COMPILER_GENERATE_SWIFT_ASSET_SYMBOL_EXTENSIONS = YES;
				CLANG_ANALYZER_NONNULL = YES;
				CLANG_ANALYZER_NUMBER_OBJECT_CONVERSION = YES_AGGRESSIVE;
				CLANG_CXX_LANGUAGE_STANDARD = "gnu++20";
				CLANG_ENABLE_MODULES = YES;
				CLANG_ENABLE_OBJC_ARC = YES;
				CLANG_ENABLE_OBJC_WEAK = YES;
				CLANG_WARN_BLOCK_CAPTURE_AUTORELEASING = YES;
				CLANG_WARN_BOOL_CONVERSION = YES;
				CLANG_WARN_COMMA = YES;
				CLANG_WARN_CONSTANT_CONVERSION = YES;
				CLANG_WARN_DEPRECATED_OBJC_IMPLEMENTATIONS = YES;
				CLANG_WARN_DIRECT_OBJC_ISA_USAGE = YES_ERROR;
				CLANG_WARN_DOCUMENTATION_COMMENTS = YES;
				CLANG_WARN_EMPTY_BODY = YES;
				CLANG_WARN_ENUM_CONVERSION = YES;
				CLANG_WARN_INFINITE_RECURSION = YES;
				CLANG_WARN_INT_CONVERSION = YES;
				CLANG_WARN_NON_LITERAL_NULL_CONVERSION = YES;
				CLANG_WARN_OBJC_IMPLICIT_RETAIN_SELF = YES;
				CLANG_WARN_OBJC_LITERAL_CONVERSION = YES;
				CLANG_WARN_OBJC_ROOT_CLASS = YES_ERROR;
				CLANG_WARN_QUOTED_INCLUDE_IN_FRAMEWORK_HEADER = YES;
				CLANG_WARN_RANGE_LOOP_ANALYSIS = YES;
				CLANG_WARN_STRICT_PROTOTYPES = YES;
				CLANG_WARN_SUSPICIOUS_MOVE = YES;
				CLANG_WARN_UNGUARDED_AVAILABILITY = YES_AGGRESSIVE;
				CLANG_WARN_UNREACHABLE_CODE = YES;
				CLANG_WARN__DUPLICATE_METHOD_MATCH = YES;
				COPY_PHASE_STRIP = NO;
				DEBUG_INFORMATION_FORMAT = "dwarf-with-dsym";
				ENABLE_NS_ASSERTIONS = NO;
				ENABLE_STRICT_OBJC_MSGSEND = YES;
				ENABLE_USER_SCRIPT_SANDBOXING = YES;
				GCC_C_LANGUAGE_STANDARD = gnu17;
				GCC_NO_COMMON_BLOCKS = YES;
				GCC_WARN_64_TO_32_BIT_CONVERSION = YES;
				GCC_WARN_ABOUT_RETURN_TYPE = YES_ERROR;
				GCC_WARN_UNDECLARED_SELECTOR = YES;
				GCC_WARN_UNINITIALIZED_AUTOS = YES_AGGRESSIVE;
				GCC_WARN_UNUSED_FUNCTION = YES;
				GCC_WARN_UNUSED_VARIABLE = YES;
				IPHONEOS_DEPLOYMENT_TARGET = 17.0;
				LOCALIZATION_PREFERS_STRING_CATALOGS = YES;
				MTL_ENABLE_DEBUG_INFO = NO;
				MTL_FAST_MATH = YES;
				SDKROOT = iphoneos;
				SWIFT_COMPILATION_MODE = wholemodule;
				VALIDATE_PRODUCT = YES;
			};
			name = Release;
		};
		5F8A626A2C732895007B171A /* Debug */ = {
			isa = XCBuildConfiguration;
			buildSettings = {
				ASSETCATALOG_COMPILER_APPICON_NAME = AppIcon;
				ASSETCATALOG_COMPILER_GLOBAL_ACCENT_COLOR_NAME = AccentColor;
				CODE_SIGN_STYLE = Automatic;
				CURRENT_PROJECT_VERSION = 1;
				DEVELOPMENT_TEAM = RHGD2V8746;
				GENERATE_INFOPLIST_FILE = YES;
				INFOPLIST_FILE = Eyesistant/Info.plist;
				INFOPLIST_KEY_NSCameraUsageDescription = "";
				INFOPLIST_KEY_UIApplicationSupportsIndirectInputEvents = YES;
				INFOPLIST_KEY_UILaunchStoryboardName = LaunchScreen.storyboard;
				INFOPLIST_KEY_UIMainStoryboardFile = TutorialPage;
				INFOPLIST_KEY_UISupportedInterfaceOrientations = UIInterfaceOrientationPortrait;
				LD_RUNPATH_SEARCH_PATHS = (
					"$(inherited)",
					"@executable_path/Frameworks",
				);
				MARKETING_VERSION = 1.0;
				PRODUCT_BUNDLE_IDENTIFIER = MiniChallenge3.Eyesistant;
				PRODUCT_NAME = "$(TARGET_NAME)";
				SUPPORTED_PLATFORMS = "iphoneos iphonesimulator";
				SUPPORTS_MACCATALYST = NO;
				SUPPORTS_MAC_DESIGNED_FOR_IPHONE_IPAD = NO;
				SUPPORTS_XR_DESIGNED_FOR_IPHONE_IPAD = NO;
				SWIFT_EMIT_LOC_STRINGS = YES;
				SWIFT_VERSION = 5.0;
				TARGETED_DEVICE_FAMILY = 1;
			};
			name = Debug;
		};
		5F8A626B2C732895007B171A /* Release */ = {
			isa = XCBuildConfiguration;
			buildSettings = {
				ASSETCATALOG_COMPILER_APPICON_NAME = AppIcon;
				ASSETCATALOG_COMPILER_GLOBAL_ACCENT_COLOR_NAME = AccentColor;
				CODE_SIGN_STYLE = Automatic;
				CURRENT_PROJECT_VERSION = 1;
				DEVELOPMENT_TEAM = RHGD2V8746;
				GENERATE_INFOPLIST_FILE = YES;
				INFOPLIST_FILE = Eyesistant/Info.plist;
				INFOPLIST_KEY_NSCameraUsageDescription = "";
				INFOPLIST_KEY_UIApplicationSupportsIndirectInputEvents = YES;
				INFOPLIST_KEY_UILaunchStoryboardName = LaunchScreen.storyboard;
				INFOPLIST_KEY_UIMainStoryboardFile = TutorialPage;
				INFOPLIST_KEY_UISupportedInterfaceOrientations = UIInterfaceOrientationPortrait;
				LD_RUNPATH_SEARCH_PATHS = (
					"$(inherited)",
					"@executable_path/Frameworks",
				);
				MARKETING_VERSION = 1.0;
				PRODUCT_BUNDLE_IDENTIFIER = MiniChallenge3.Eyesistant;
				PRODUCT_NAME = "$(TARGET_NAME)";
				SUPPORTED_PLATFORMS = "iphoneos iphonesimulator";
				SUPPORTS_MACCATALYST = NO;
				SUPPORTS_MAC_DESIGNED_FOR_IPHONE_IPAD = NO;
				SUPPORTS_XR_DESIGNED_FOR_IPHONE_IPAD = NO;
				SWIFT_EMIT_LOC_STRINGS = YES;
				SWIFT_VERSION = 5.0;
				TARGETED_DEVICE_FAMILY = 1;
			};
			name = Release;
		};
/* End XCBuildConfiguration section */

/* Begin XCConfigurationList section */
		5F8A62502C732894007B171A /* Build configuration list for PBXProject "Eyesistant" */ = {
			isa = XCConfigurationList;
			buildConfigurations = (
				5F8A62672C732895007B171A /* Debug */,
				5F8A62682C732895007B171A /* Release */,
			);
			defaultConfigurationIsVisible = 0;
			defaultConfigurationName = Release;
		};
		5F8A62692C732895007B171A /* Build configuration list for PBXNativeTarget "Eyesistant" */ = {
			isa = XCConfigurationList;
			buildConfigurations = (
				5F8A626A2C732895007B171A /* Debug */,
				5F8A626B2C732895007B171A /* Release */,
			);
			defaultConfigurationIsVisible = 0;
			defaultConfigurationName = Release;
		};
/* End XCConfigurationList section */
	};
	rootObject = 5F8A624D2C732894007B171A /* Project object */;
}
